
Microsoft Visual Studio Solution File, Format Version 12.00
# Visual Studio Version 17
VisualStudioVersion = 17.14.36414.22
MinimumVisualStudioVersion = 10.0.40219.1
Project("{FAE04EC0-301F-11D3-BF4B-00C04F79EFBC}") = "HereditaryDiseaseSystem", "HereditaryDiseaseSystem\HereditaryDiseaseSystem.csproj", "{94CD7F45-85C2-4DD8-9B2B-966AF3009E9C}"
EndProject
Project("{FAE04EC0-301F-11D3-BF4B-00C04F79EFBC}") = "HereditaryDiseaseSystem.Tests", "HereditaryDiseaseSystem.Tests\HereditaryDiseaseSystem.Tests.csproj", "{C3B315A5-86E5-4C6D-8465-22007FCBF9DC}"
EndProject
Global
	GlobalSection(SolutionConfigurationPlatforms) = preSolution
		Debug|Any CPU = Debug|Any CPU
		Release|Any CPU = Release|Any CPU
	EndGlobalSection
	GlobalSection(ProjectConfigurationPlatforms) = postSolution
		{94CD7F45-85C2-4DD8-9B2B-966AF3009E9C}.Debug|Any CPU.ActiveCfg = Debug|Any CPU
		{94CD7F45-85C2-4DD8-9B2B-966AF3009E9C}.Debug|Any CPU.Build.0 = Debug|Any CPU
		{94CD7F45-85C2-4DD8-9B2B-966AF3009E9C}.Release|Any CPU.ActiveCfg = Release|Any CPU
		{94CD7F45-85C2-4DD8-9B2B-966AF3009E9C}.Release|Any CPU.Build.0 = Release|Any CPU
		{C3B315A5-86E5-4C6D-8465-22007FCBF9DC}.Debug|Any CPU.ActiveCfg = Debug|Any CPU
		{C3B315A5-86E5-4C6D-8465-22007FCBF9DC}.Debug|Any CPU.Build.0 = Debug|Any CPU
		{C3B315A5-86E5-4C6D-8465-22007FCBF9DC}.Release|Any CPU.ActiveCfg = Release|Any CPU
		{C3B315A5-86E5-4C6D-8465-22007FCBF9DC}.Release|Any CPU.Build.0 = Release|Any CPU
	EndGlobalSection
	GlobalSection(SolutionProperties) = preSolution
		HideSolutionNode = FALSE
	EndGlobalSection
	GlobalSection(ExtensibilityGlobals) = postSolution
		SolutionGuid = {C5547286-9869-4B0C-BD71-77BBD2C73762}
	EndGlobalSection
EndGlobal
